// !$*UTF8*$!
{
	archiveVersion = 1;
	classes = {
	};
	objectVersion = 56;
	objects = {

/* Begin PBXBuildFile section */
		2B0E6B8028556B4600DA3C99 /* VideoConverterApp.swift in Sources */ = {isa = PBXBuildFile; fileRef = 2B0E6B7F28556B4600DA3C99 /* VideoConverterApp.swift */; };
		2B0E6B8228556B4600DA3C99 /* ContentView.swift in Sources */ = {isa = PBXBuildFile; fileRef = 2B0E6B8128556B4600DA3C99 /* ContentView.swift */; };
		2B0E6B8428556B4800DA3C99 /* Assets.xcassets in Resources */ = {isa = PBXBuildFile; fileRef = 2B0E6B8328556B4800DA3C99 /* Assets.xcassets */; };
		2B0E6B8728556B4800DA3C99 /* Preview Assets.xcassets in Resources */ = {isa = PBXBuildFile; fileRef = 2B0E6B8628556B4800DA3C99 /* Preview Assets.xcassets */; };
		2B4BF53A2855B8E00005F0DB /* scraps.swift in Sources */ = {isa = PBXBuildFile; fileRef = 2B4BF5392855B8E00005F0DB /* scraps.swift */; };
		2B4BF53D285818BA0005F0DB /* ConvertMediaViewModel.swift in Sources */ = {isa = PBXBuildFile; fileRef = 2B4BF53C285818BA0005F0DB /* ConvertMediaViewModel.swift */; };
		2B4BF55E286016A40005F0DB /* ffmpegkit.xcframework in Frameworks */ = {isa = PBXBuildFile; fileRef = 2B4BF554285F21C80005F0DB /* ffmpegkit.xcframework */; };
/* End PBXBuildFile section */

/* Begin PBXFileReference section */
		2B0E6B7C28556B4600DA3C99 /* VideoConverter.app */ = {isa = PBXFileReference; explicitFileType = wrapper.application; includeInIndex = 0; path = VideoConverter.app; sourceTree = BUILT_PRODUCTS_DIR; };
		2B0E6B7F28556B4600DA3C99 /* VideoConverterApp.swift */ = {isa = PBXFileReference; lastKnownFileType = sourcecode.swift; path = VideoConverterApp.swift; sourceTree = "<group>"; };
		2B0E6B8128556B4600DA3C99 /* ContentView.swift */ = {isa = PBXFileReference; lastKnownFileType = sourcecode.swift; path = ContentView.swift; sourceTree = "<group>"; };
		2B0E6B8328556B4800DA3C99 /* Assets.xcassets */ = {isa = PBXFileReference; lastKnownFileType = folder.assetcatalog; path = Assets.xcassets; sourceTree = "<group>"; };
		2B0E6B8628556B4800DA3C99 /* Preview Assets.xcassets */ = {isa = PBXFileReference; lastKnownFileType = folder.assetcatalog; path = "Preview Assets.xcassets"; sourceTree = "<group>"; };
		2B4BF5392855B8E00005F0DB /* scraps.swift */ = {isa = PBXFileReference; lastKnownFileType = sourcecode.swift; path = scraps.swift; sourceTree = "<group>"; };
		2B4BF53B2855C27C0005F0DB /* Info.plist */ = {isa = PBXFileReference; lastKnownFileType = text.plist; path = Info.plist; sourceTree = "<group>"; };
		2B4BF53C285818BA0005F0DB /* ConvertMediaViewModel.swift */ = {isa = PBXFileReference; lastKnownFileType = sourcecode.swift; path = ConvertMediaViewModel.swift; sourceTree = "<group>"; };
		2B4BF554285F21C80005F0DB /* ffmpegkit.xcframework */ = {isa = PBXFileReference; lastKnownFileType = wrapper.xcframework; name = ffmpegkit.xcframework; path = "Pods/ffmpeg-kit-ios-full-gpl/ffmpegkit.xcframework"; sourceTree = "<group>"; };
		38030D89C2BD2B9DA0E23F85 /* Pods-VideoConverter.debug.xcconfig */ = {isa = PBXFileReference; includeInIndex = 1; lastKnownFileType = text.xcconfig; name = "Pods-VideoConverter.debug.xcconfig"; path = "Target Support Files/Pods-VideoConverter/Pods-VideoConverter.debug.xcconfig"; sourceTree = "<group>"; };
		EDA09CBFD1ED58A6B91D43CD /* Pods-VideoConverter.release.xcconfig */ = {isa = PBXFileReference; includeInIndex = 1; lastKnownFileType = text.xcconfig; name = "Pods-VideoConverter.release.xcconfig"; path = "Target Support Files/Pods-VideoConverter/Pods-VideoConverter.release.xcconfig"; sourceTree = "<group>"; };
/* End PBXFileReference section */

/* Begin PBXFrameworksBuildPhase section */
		2B0E6B7928556B4600DA3C99 /* Frameworks */ = {
			isa = PBXFrameworksBuildPhase;
			buildActionMask = 2147483647;
			files = (
				2B4BF55E286016A40005F0DB /* ffmpegkit.xcframework in Frameworks */,
			);
			runOnlyForDeploymentPostprocessing = 0;
		};
/* End PBXFrameworksBuildPhase section */

/* Begin PBXGroup section */
		0C21CC1FB4935AD85C67E653 /* Pods */ = {
			isa = PBXGroup;
			children = (
				38030D89C2BD2B9DA0E23F85 /* Pods-VideoConverter.debug.xcconfig */,
				EDA09CBFD1ED58A6B91D43CD /* Pods-VideoConverter.release.xcconfig */,
			);
			path = Pods;
			sourceTree = "<group>";
		};
		11E038ADED65B4236F7391FB /* Frameworks */ = {
			isa = PBXGroup;
			children = (
				2B4BF554285F21C80005F0DB /* ffmpegkit.xcframework */,
			);
			name = Frameworks;
			sourceTree = "<group>";
		};
		2B0E6B7328556B4600DA3C99 = {
			isa = PBXGroup;
			children = (
				2B0E6B7E28556B4600DA3C99 /* VideoConverter */,
				2B0E6B7D28556B4600DA3C99 /* Products */,
				0C21CC1FB4935AD85C67E653 /* Pods */,
				11E038ADED65B4236F7391FB /* Frameworks */,
			);
			sourceTree = "<group>";
		};
		2B0E6B7D28556B4600DA3C99 /* Products */ = {
			isa = PBXGroup;
			children = (
				2B0E6B7C28556B4600DA3C99 /* VideoConverter.app */,
			);
			name = Products;
			sourceTree = "<group>";
		};
		2B0E6B7E28556B4600DA3C99 /* VideoConverter */ = {
			isa = PBXGroup;
			children = (
				2B4BF53B2855C27C0005F0DB /* Info.plist */,
				2B0E6B7F28556B4600DA3C99 /* VideoConverterApp.swift */,
				2B4BF53C285818BA0005F0DB /* ConvertMediaViewModel.swift */,
				2B0E6B8128556B4600DA3C99 /* ContentView.swift */,
				2B0E6B8328556B4800DA3C99 /* Assets.xcassets */,
				2B0E6B8528556B4800DA3C99 /* Preview Content */,
				2B4BF5392855B8E00005F0DB /* scraps.swift */,
			);
			path = VideoConverter;
			sourceTree = "<group>";
		};
		2B0E6B8528556B4800DA3C99 /* Preview Content */ = {
			isa = PBXGroup;
			children = (
				2B0E6B8628556B4800DA3C99 /* Preview Assets.xcassets */,
			);
			path = "Preview Content";
			sourceTree = "<group>";
		};
/* End PBXGroup section */

/* Begin PBXNativeTarget section */
		2B0E6B7B28556B4600DA3C99 /* VideoConverter */ = {
			isa = PBXNativeTarget;
			buildConfigurationList = 2B0E6B8A28556B4800DA3C99 /* Build configuration list for PBXNativeTarget "VideoConverter" */;
			buildPhases = (
				7DE893CE9F6C4CCCCBA411F0 /* [CP] Check Pods Manifest.lock */,
				2B0E6B7828556B4600DA3C99 /* Sources */,
				2B0E6B7928556B4600DA3C99 /* Frameworks */,
				2B0E6B7A28556B4600DA3C99 /* Resources */,
				07642CE3F62DE53A4446ECBE /* [CP] Embed Pods Frameworks */,
			);
			buildRules = (
			);
			dependencies = (
			);
			name = VideoConverter;
			productName = VideoConverter;
			productReference = 2B0E6B7C28556B4600DA3C99 /* VideoConverter.app */;
			productType = "com.apple.product-type.application";
		};
/* End PBXNativeTarget section */

/* Begin PBXProject section */
		2B0E6B7428556B4600DA3C99 /* Project object */ = {
			isa = PBXProject;
			attributes = {
				BuildIndependentTargetsInParallel = 1;
				LastSwiftUpdateCheck = 1400;
				LastUpgradeCheck = 1400;
				TargetAttributes = {
					2B0E6B7B28556B4600DA3C99 = {
						CreatedOnToolsVersion = 14.0;
					};
				};
			};
			buildConfigurationList = 2B0E6B7728556B4600DA3C99 /* Build configuration list for PBXProject "VideoConverter" */;
			compatibilityVersion = "Xcode 14.0";
			developmentRegion = en;
			hasScannedForEncodings = 0;
			knownRegions = (
				en,
				Base,
			);
			mainGroup = 2B0E6B7328556B4600DA3C99;
			productRefGroup = 2B0E6B7D28556B4600DA3C99 /* Products */;
			projectDirPath = "";
			projectRoot = "";
			targets = (
				2B0E6B7B28556B4600DA3C99 /* VideoConverter */,
			);
		};
/* End PBXProject section */

/* Begin PBXResourcesBuildPhase section */
		2B0E6B7A28556B4600DA3C99 /* Resources */ = {
			isa = PBXResourcesBuildPhase;
			buildActionMask = 2147483647;
			files = (
				2B0E6B8728556B4800DA3C99 /* Preview Assets.xcassets in Resources */,
				2B0E6B8428556B4800DA3C99 /* Assets.xcassets in Resources */,
			);
			runOnlyForDeploymentPostprocessing = 0;
		};
/* End PBXResourcesBuildPhase section */

/* Begin PBXShellScriptBuildPhase section */
		07642CE3F62DE53A4446ECBE /* [CP] Embed Pods Frameworks */ = {
			isa = PBXShellScriptBuildPhase;
			buildActionMask = 2147483647;
			files = (
			);
			inputFileListPaths = (
				"${PODS_ROOT}/Target Support Files/Pods-VideoConverter/Pods-VideoConverter-frameworks-${CONFIGURATION}-input-files.xcfilelist",
			);
			name = "[CP] Embed Pods Frameworks";
			outputFileListPaths = (
				"${PODS_ROOT}/Target Support Files/Pods-VideoConverter/Pods-VideoConverter-frameworks-${CONFIGURATION}-output-files.xcfilelist",
			);
			runOnlyForDeploymentPostprocessing = 0;
			shellPath = /bin/sh;
			shellScript = "\"${PODS_ROOT}/Target Support Files/Pods-VideoConverter/Pods-VideoConverter-frameworks.sh\"\n";
			showEnvVarsInLog = 0;
		};
		7DE893CE9F6C4CCCCBA411F0 /* [CP] Check Pods Manifest.lock */ = {
			isa = PBXShellScriptBuildPhase;
			buildActionMask = 2147483647;
			files = (
			);
			inputFileListPaths = (
			);
			inputPaths = (
				"${PODS_PODFILE_DIR_PATH}/Podfile.lock",
				"${PODS_ROOT}/Manifest.lock",
			);
			name = "[CP] Check Pods Manifest.lock";
			outputFileListPaths = (
			);
			outputPaths = (
				"$(DERIVED_FILE_DIR)/Pods-VideoConverter-checkManifestLockResult.txt",
			);
			runOnlyForDeploymentPostprocessing = 0;
			shellPath = /bin/sh;
			shellScript = "diff \"${PODS_PODFILE_DIR_PATH}/Podfile.lock\" \"${PODS_ROOT}/Manifest.lock\" > /dev/null\nif [ $? != 0 ] ; then\n    # print error to STDERR\n    echo \"error: The sandbox is not in sync with the Podfile.lock. Run 'pod install' or update your CocoaPods installation.\" >&2\n    exit 1\nfi\n# This output is used by Xcode 'outputs' to avoid re-running this script phase.\necho \"SUCCESS\" > \"${SCRIPT_OUTPUT_FILE_0}\"\n";
			showEnvVarsInLog = 0;
		};
/* End PBXShellScriptBuildPhase section */

/* Begin PBXSourcesBuildPhase section */
		2B0E6B7828556B4600DA3C99 /* Sources */ = {
			isa = PBXSourcesBuildPhase;
			buildActionMask = 2147483647;
			files = (
				2B0E6B8228556B4600DA3C99 /* ContentView.swift in Sources */,
				2B4BF53A2855B8E00005F0DB /* scraps.swift in Sources */,
				2B0E6B8028556B4600DA3C99 /* VideoConverterApp.swift in Sources */,
				2B4BF53D285818BA0005F0DB /* ConvertMediaViewModel.swift in Sources */,
			);
			runOnlyForDeploymentPostprocessing = 0;
		};
/* End PBXSourcesBuildPhase section */

/* Begin XCBuildConfiguration section */
		2B0E6B8828556B4800DA3C99 /* Debug */ = {
			isa = XCBuildConfiguration;
			buildSettings = {
				ALWAYS_SEARCH_USER_PATHS = NO;
				CLANG_ANALYZER_NONNULL = YES;
				CLANG_ANALYZER_NUMBER_OBJECT_CONVERSION = YES_AGGRESSIVE;
				CLANG_CXX_LANGUAGE_STANDARD = "gnu++17";
				CLANG_ENABLE_MODULES = YES;
				CLANG_ENABLE_OBJC_ARC = YES;
				CLANG_ENABLE_OBJC_WEAK = YES;
				CLANG_WARN_BLOCK_CAPTURE_AUTORELEASING = YES;
				CLANG_WARN_BOOL_CONVERSION = YES;
				CLANG_WARN_COMMA = YES;
				CLANG_WARN_CONSTANT_CONVERSION = YES;
				CLANG_WARN_DEPRECATED_OBJC_IMPLEMENTATIONS = YES;
				CLANG_WARN_DIRECT_OBJC_ISA_USAGE = YES_ERROR;
				CLANG_WARN_DOCUMENTATION_COMMENTS = YES;
				CLANG_WARN_EMPTY_BODY = YES;
				CLANG_WARN_ENUM_CONVERSION = YES;
				CLANG_WARN_INFINITE_RECURSION = YES;
				CLANG_WARN_INT_CONVERSION = YES;
				CLANG_WARN_NON_LITERAL_NULL_CONVERSION = YES;
				CLANG_WARN_OBJC_IMPLICIT_RETAIN_SELF = YES;
				CLANG_WARN_OBJC_LITERAL_CONVERSION = YES;
				CLANG_WARN_OBJC_ROOT_CLASS = YES_ERROR;
				CLANG_WARN_QUOTED_INCLUDE_IN_FRAMEWORK_HEADER = YES;
				CLANG_WARN_RANGE_LOOP_ANALYSIS = YES;
				CLANG_WARN_STRICT_PROTOTYPES = YES;
				CLANG_WARN_SUSPICIOUS_MOVE = YES;
				CLANG_WARN_UNGUARDED_AVAILABILITY = YES_AGGRESSIVE;
				CLANG_WARN_UNREACHABLE_CODE = YES;
				CLANG_WARN__DUPLICATE_METHOD_MATCH = YES;
				COPY_PHASE_STRIP = NO;
				DEBUG_INFORMATION_FORMAT = dwarf;
				ENABLE_STRICT_OBJC_MSGSEND = YES;
				ENABLE_TESTABILITY = YES;
				GCC_C_LANGUAGE_STANDARD = gnu11;
				GCC_DYNAMIC_NO_PIC = NO;
				GCC_NO_COMMON_BLOCKS = YES;
				GCC_OPTIMIZATION_LEVEL = 0;
				GCC_PREPROCESSOR_DEFINITIONS = (
					"DEBUG=1",
					"$(inherited)",
				);
				GCC_WARN_64_TO_32_BIT_CONVERSION = YES;
				GCC_WARN_ABOUT_RETURN_TYPE = YES_ERROR;
				GCC_WARN_UNDECLARED_SELECTOR = YES;
				GCC_WARN_UNINITIALIZED_AUTOS = YES_AGGRESSIVE;
				GCC_WARN_UNUSED_FUNCTION = YES;
				GCC_WARN_UNUSED_VARIABLE = YES;
				IPHONEOS_DEPLOYMENT_TARGET = 16.0;
				MTL_ENABLE_DEBUG_INFO = INCLUDE_SOURCE;
				MTL_FAST_MATH = YES;
				ONLY_ACTIVE_ARCH = YES;
				SDKROOT = iphoneos;
				SWIFT_ACTIVE_COMPILATION_CONDITIONS = DEBUG;
				SWIFT_OPTIMIZATION_LEVEL = "-Onone";
			};
			name = Debug;
		};
		2B0E6B8928556B4800DA3C99 /* Release */ = {
			isa = XCBuildConfiguration;
			buildSettings = {
				ALWAYS_SEARCH_USER_PATHS = NO;
				CLANG_ANALYZER_NONNULL = YES;
				CLANG_ANALYZER_NUMBER_OBJECT_CONVERSION = YES_AGGRESSIVE;
				CLANG_CXX_LANGUAGE_STANDARD = "gnu++17";
				CLANG_ENABLE_MODULES = YES;
				CLANG_ENABLE_OBJC_ARC = YES;
				CLANG_ENABLE_OBJC_WEAK = YES;
				CLANG_WARN_BLOCK_CAPTURE_AUTORELEASING = YES;
				CLANG_WARN_BOOL_CONVERSION = YES;
				CLANG_WARN_COMMA = YES;
				CLANG_WARN_CONSTANT_CONVERSION = YES;
				CLANG_WARN_DEPRECATED_OBJC_IMPLEMENTATIONS = YES;
				CLANG_WARN_DIRECT_OBJC_ISA_USAGE = YES_ERROR;
				CLANG_WARN_DOCUMENTATION_COMMENTS = YES;
				CLANG_WARN_EMPTY_BODY = YES;
				CLANG_WARN_ENUM_CONVERSION = YES;
				CLANG_WARN_INFINITE_RECURSION = YES;
				CLANG_WARN_INT_CONVERSION = YES;
				CLANG_WARN_NON_LITERAL_NULL_CONVERSION = YES;
				CLANG_WARN_OBJC_IMPLICIT_RETAIN_SELF = YES;
				CLANG_WARN_OBJC_LITERAL_CONVERSION = YES;
				CLANG_WARN_OBJC_ROOT_CLASS = YES_ERROR;
				CLANG_WARN_QUOTED_INCLUDE_IN_FRAMEWORK_HEADER = YES;
				CLANG_WARN_RANGE_LOOP_ANALYSIS = YES;
				CLANG_WARN_STRICT_PROTOTYPES = YES;
				CLANG_WARN_SUSPICIOUS_MOVE = YES;
				CLANG_WARN_UNGUARDED_AVAILABILITY = YES_AGGRESSIVE;
				CLANG_WARN_UNREACHABLE_CODE = YES;
				CLANG_WARN__DUPLICATE_METHOD_MATCH = YES;
				COPY_PHASE_STRIP = NO;
				DEBUG_INFORMATION_FORMAT = "dwarf-with-dsym";
				ENABLE_NS_ASSERTIONS = NO;
				ENABLE_STRICT_OBJC_MSGSEND = YES;
				GCC_C_LANGUAGE_STANDARD = gnu11;
				GCC_NO_COMMON_BLOCKS = YES;
				GCC_WARN_64_TO_32_BIT_CONVERSION = YES;
				GCC_WARN_ABOUT_RETURN_TYPE = YES_ERROR;
				GCC_WARN_UNDECLARED_SELECTOR = YES;
				GCC_WARN_UNINITIALIZED_AUTOS = YES_AGGRESSIVE;
				GCC_WARN_UNUSED_FUNCTION = YES;
				GCC_WARN_UNUSED_VARIABLE = YES;
				IPHONEOS_DEPLOYMENT_TARGET = 16.0;
				MTL_ENABLE_DEBUG_INFO = NO;
				MTL_FAST_MATH = YES;
				SDKROOT = iphoneos;
				SWIFT_COMPILATION_MODE = wholemodule;
				SWIFT_OPTIMIZATION_LEVEL = "-O";
				VALIDATE_PRODUCT = YES;
			};
			name = Release;
		};
		2B0E6B8B28556B4800DA3C99 /* Debug */ = {
			isa = XCBuildConfiguration;
			baseConfigurationReference = 38030D89C2BD2B9DA0E23F85 /* Pods-VideoConverter.debug.xcconfig */;
			buildSettings = {
				ASSETCATALOG_COMPILER_APPICON_NAME = AppIcon;
				ASSETCATALOG_COMPILER_GLOBAL_ACCENT_COLOR_NAME = AccentColor;
				CODE_SIGN_STYLE = Automatic;
				CURRENT_PROJECT_VERSION = 1;
				DEFINES_MODULE = YES;
				DEVELOPMENT_ASSET_PATHS = "\"VideoConverter/Preview Content\"";
				DEVELOPMENT_TEAM = MUV3A7R788;
				ENABLE_PREVIEWS = YES;
				GENERATE_INFOPLIST_FILE = YES;
				INFOPLIST_FILE = VideoConverter/Info.plist;
				INFOPLIST_KEY_UIApplicationSceneManifest_Generation = YES;
				INFOPLIST_KEY_UIApplicationSupportsIndirectInputEvents = YES;
				INFOPLIST_KEY_UILaunchScreen_Generation = YES;
				INFOPLIST_KEY_UISupportedInterfaceOrientations_iPad = "UIInterfaceOrientationPortrait UIInterfaceOrientationPortraitUpsideDown UIInterfaceOrientationLandscapeLeft UIInterfaceOrientationLandscapeRight";
				INFOPLIST_KEY_UISupportedInterfaceOrientations_iPhone = "UIInterfaceOrientationPortrait UIInterfaceOrientationLandscapeLeft UIInterfaceOrientationLandscapeRight";
				LD_RUNPATH_SEARCH_PATHS = (
					"$(inherited)",
					"@executable_path/Frameworks",
				);
				MARKETING_VERSION = 1.0;
				PRODUCT_BUNDLE_IDENTIFIER = com.timsonner.VideoConverter;
				PRODUCT_NAME = "$(TARGET_NAME)";
				SWIFT_EMIT_LOC_STRINGS = YES;
				SWIFT_VERSION = 5.0;
				TARGETED_DEVICE_FAMILY = "1,2";
			};
			name = Debug;
		};
		2B0E6B8C28556B4800DA3C99 /* Release */ = {
			isa = XCBuildConfiguration;
			baseConfigurationReference = EDA09CBFD1ED58A6B91D43CD /* Pods-VideoConverter.release.xcconfig */;
			buildSettings = {
				ASSETCATALOG_COMPILER_APPICON_NAME = AppIcon;
				ASSETCATALOG_COMPILER_GLOBAL_ACCENT_COLOR_NAME = AccentColor;
				CODE_SIGN_STYLE = Automatic;
				CURRENT_PROJECT_VERSION = 1;
				DEFINES_MODULE = YES;
				DEVELOPMENT_ASSET_PATHS = "\"VideoConverter/Preview Content\"";
				DEVELOPMENT_TEAM = MUV3A7R788;
				ENABLE_PREVIEWS = YES;
				GENERATE_INFOPLIST_FILE = YES;
				INFOPLIST_FILE = VideoConverter/Info.plist;
				INFOPLIST_KEY_UIApplicationSceneManifest_Generation = YES;
				INFOPLIST_KEY_UIApplicationSupportsIndirectInputEvents = YES;
				INFOPLIST_KEY_UILaunchScreen_Generation = YES;
				INFOPLIST_KEY_UISupportedInterfaceOrientations_iPad = "UIInterfaceOrientationPortrait UIInterfaceOrientationPortraitUpsideDown UIInterfaceOrientationLandscapeLeft UIInterfaceOrientationLandscapeRight";
				INFOPLIST_KEY_UISupportedInterfaceOrientations_iPhone = "UIInterfaceOrientationPortrait UIInterfaceOrientationLandscapeLeft UIInterfaceOrientationLandscapeRight";
				LD_RUNPATH_SEARCH_PATHS = (
					"$(inherited)",
					"@executable_path/Frameworks",
				);
				MARKETING_VERSION = 1.0;
				PRODUCT_BUNDLE_IDENTIFIER = com.timsonner.VideoConverter;
				PRODUCT_NAME = "$(TARGET_NAME)";
				SWIFT_EMIT_LOC_STRINGS = YES;
				SWIFT_VERSION = 5.0;
				TARGETED_DEVICE_FAMILY = "1,2";
			};
			name = Release;
		};
/* End XCBuildConfiguration section */

/* Begin XCConfigurationList section */
		2B0E6B7728556B4600DA3C99 /* Build configuration list for PBXProject "VideoConverter" */ = {
			isa = XCConfigurationList;
			buildConfigurations = (
				2B0E6B8828556B4800DA3C99 /* Debug */,
				2B0E6B8928556B4800DA3C99 /* Release */,
			);
			defaultConfigurationIsVisible = 0;
			defaultConfigurationName = Release;
		};
		2B0E6B8A28556B4800DA3C99 /* Build configuration list for PBXNativeTarget "VideoConverter" */ = {
			isa = XCConfigurationList;
			buildConfigurations = (
				2B0E6B8B28556B4800DA3C99 /* Debug */,
				2B0E6B8C28556B4800DA3C99 /* Release */,
			);
			defaultConfigurationIsVisible = 0;
			defaultConfigurationName = Release;
		};
/* End XCConfigurationList section */
	};
	rootObject = 2B0E6B7428556B4600DA3C99 /* Project object */;
}
